
Microsoft Visual Studio Solution File, Format Version 12.00
# Visual Studio Version 17
VisualStudioVersion = 17.9.34902.65
MinimumVisualStudioVersion = 10.0.40219.1
Project("{9A19103F-16F7-4668-BE54-9A1E7A4F7556}") = "SatorImaging.StaticMemberAnalyzer.Analysis", "StaticMemberAnalyzer.Analysis\SatorImaging.StaticMemberAnalyzer.Analysis.csproj", "{580FBE1F-40F5-4566-BDF9-13836BC54373}"
EndProject
Project("{9A19103F-16F7-4668-BE54-9A1E7A4F7556}") = "SatorImaging.StaticMemberAnalyzer.CodeFixes", "StaticMemberAnalyzer.CodeFixes\SatorImaging.StaticMemberAnalyzer.CodeFixes.csproj", "{43ACDDD3-5440-4866-9C38-7E7F3CA02417}"
EndProject
Project("{9A19103F-16F7-4668-BE54-9A1E7A4F7556}") = "SatorImaging.StaticMemberAnalyzer.Package", "StaticMemberAnalyzer.Package\SatorImaging.StaticMemberAnalyzer.Package.csproj", "{713E7074-B60E-416D-AFDC-B401AF91AAA5}"
EndProject
Project("{9A19103F-16F7-4668-BE54-9A1E7A4F7556}") = "SatorImaging.StaticMemberAnalyzer.Test", "StaticMemberAnalyzer.Test\SatorImaging.StaticMemberAnalyzer.Test.csproj", "{3279ACEC-AF29-4F67-AE6B-A79B74718D50}"
EndProject
Project("{9A19103F-16F7-4668-BE54-9A1E7A4F7556}") = "AnalyzerCheck", "AnalyzerCheck\AnalyzerCheck.csproj", "{1C0C8F0D-88D2-4A6B-8B65-61CF91D33FB4}"
EndProject
Project("{2150E333-8FDC-42A3-9474-1A3956D46DE8}") = "ソリューション項目", "ソリューション項目", "{68A6B7CD-B8C7-4852-B408-103A88080049}"
	ProjectSection(SolutionItems) = preProject
		AssemblyInfo.cs = AssemblyInfo.cs
		Directory.Build.props = Directory.Build.props
	EndProjectSection
EndProject
Project("{9A19103F-16F7-4668-BE54-9A1E7A4F7556}") = "SatorImaging.StaticMemberAnalyzer.Vsix", "StaticMemberAnalyzer.Vsix\SatorImaging.StaticMemberAnalyzer.Vsix.csproj", "{C6FE66D1-3A62-48B2-9C79-B3C5875AB9DE}"
EndProject
Global
	GlobalSection(SolutionConfigurationPlatforms) = preSolution
		Debug|Any CPU = Debug|Any CPU
		Release|Any CPU = Release|Any CPU
	EndGlobalSection
	GlobalSection(ProjectConfigurationPlatforms) = postSolution
		{580FBE1F-40F5-4566-BDF9-13836BC54373}.Debug|Any CPU.ActiveCfg = Debug|Any CPU
		{580FBE1F-40F5-4566-BDF9-13836BC54373}.Debug|Any CPU.Build.0 = Debug|Any CPU
		{580FBE1F-40F5-4566-BDF9-13836BC54373}.Release|Any CPU.ActiveCfg = Release|Any CPU
		{580FBE1F-40F5-4566-BDF9-13836BC54373}.Release|Any CPU.Build.0 = Release|Any CPU
		{43ACDDD3-5440-4866-9C38-7E7F3CA02417}.Debug|Any CPU.ActiveCfg = Debug|Any CPU
		{43ACDDD3-5440-4866-9C38-7E7F3CA02417}.Debug|Any CPU.Build.0 = Debug|Any CPU
		{43ACDDD3-5440-4866-9C38-7E7F3CA02417}.Release|Any CPU.ActiveCfg = Release|Any CPU
		{43ACDDD3-5440-4866-9C38-7E7F3CA02417}.Release|Any CPU.Build.0 = Release|Any CPU
		{713E7074-B60E-416D-AFDC-B401AF91AAA5}.Debug|Any CPU.ActiveCfg = Debug|Any CPU
		{713E7074-B60E-416D-AFDC-B401AF91AAA5}.Debug|Any CPU.Build.0 = Debug|Any CPU
		{713E7074-B60E-416D-AFDC-B401AF91AAA5}.Release|Any CPU.ActiveCfg = Release|Any CPU
		{713E7074-B60E-416D-AFDC-B401AF91AAA5}.Release|Any CPU.Build.0 = Release|Any CPU
		{3279ACEC-AF29-4F67-AE6B-A79B74718D50}.Debug|Any CPU.ActiveCfg = Debug|Any CPU
		{3279ACEC-AF29-4F67-AE6B-A79B74718D50}.Debug|Any CPU.Build.0 = Debug|Any CPU
		{3279ACEC-AF29-4F67-AE6B-A79B74718D50}.Release|Any CPU.ActiveCfg = Release|Any CPU
		{3279ACEC-AF29-4F67-AE6B-A79B74718D50}.Release|Any CPU.Build.0 = Release|Any CPU
		{1C0C8F0D-88D2-4A6B-8B65-61CF91D33FB4}.Debug|Any CPU.ActiveCfg = Debug|Any CPU
		{1C0C8F0D-88D2-4A6B-8B65-61CF91D33FB4}.Debug|Any CPU.Build.0 = Debug|Any CPU
		{1C0C8F0D-88D2-4A6B-8B65-61CF91D33FB4}.Release|Any CPU.ActiveCfg = Release|Any CPU
		{1C0C8F0D-88D2-4A6B-8B65-61CF91D33FB4}.Release|Any CPU.Build.0 = Release|Any CPU
		{C6FE66D1-3A62-48B2-9C79-B3C5875AB9DE}.Debug|Any CPU.ActiveCfg = Debug|Any CPU
		{C6FE66D1-3A62-48B2-9C79-B3C5875AB9DE}.Debug|Any CPU.Build.0 = Debug|Any CPU
		{C6FE66D1-3A62-48B2-9C79-B3C5875AB9DE}.Release|Any CPU.ActiveCfg = Release|Any CPU
		{C6FE66D1-3A62-48B2-9C79-B3C5875AB9DE}.Release|Any CPU.Build.0 = Release|Any CPU
	EndGlobalSection
	GlobalSection(SolutionProperties) = preSolution
		HideSolutionNode = FALSE
	EndGlobalSection
	GlobalSection(ExtensibilityGlobals) = postSolution
		SolutionGuid = {9FA22390-4E0F-433F-8EB0-7863292483CD}
	EndGlobalSection
EndGlobal
